
Microsoft Visual Studio Solution File, Format Version 12.00
# Visual Studio 15
VisualStudioVersion = 15.0.28307.572
MinimumVisualStudioVersion = 10.0.40219.1
Project("{FAE04EC0-301F-11D3-BF4B-00C04F79EFBC}") = "HotloadScript", "HotloadScript\HotloadScript.csproj", "{A85A633F-78A7-4B7A-9497-C98BFE0475D6}"
EndProject
Global
	GlobalSection(SolutionConfigurationPlatforms) = preSolution
		Debug|Any CPU = Debug|Any CPU
		Release|Any CPU = Release|Any CPU
	EndGlobalSection
	GlobalSection(ProjectConfigurationPlatforms) = postSolution
		{A85A633F-78A7-4B7A-9497-C98BFE0475D6}.Debug|Any CPU.ActiveCfg = Debug|Any CPU
		{A85A633F-78A7-4B7A-9497-C98BFE0475D6}.Debug|Any CPU.Build.0 = Debug|Any CPU
		{A85A633F-78A7-4B7A-9497-C98BFE0475D6}.Release|Any CPU.ActiveCfg = Release|Any CPU
		{A85A633F-78A7-4B7A-9497-C98BFE0475D6}.Release|Any CPU.Build.0 = Release|Any CPU
	EndGlobalSection
	GlobalSection(SolutionProperties) = preSolution
		HideSolutionNode = FALSE
	EndGlobalSection
	GlobalSection(ExtensibilityGlobals) = postSolution
		SolutionGuid = {9041741C-BA88-4A31-BF75-6A5552CA0D91}
	EndGlobalSection
EndGlobal
